// !$*UTF8*$!
{
	archiveVersion = 1;
	classes = {
	};
	objectVersion = 48;
	objects = {

/* Begin PBXBuildFile section */
		C6FE6F421FF0BEFC00245618 /* AppDelegate.swift in Sources */ = {isa = PBXBuildFile; fileRef = C6FE6F411FF0BEFC00245618 /* AppDelegate.swift */; };
		C6FE6F441FF0BEFC00245618 /* ViewController.swift in Sources */ = {isa = PBXBuildFile; fileRef = C6FE6F431FF0BEFC00245618 /* ViewController.swift */; };
		C6FE6F471FF0BEFC00245618 /* Main.storyboard in Resources */ = {isa = PBXBuildFile; fileRef = C6FE6F451FF0BEFC00245618 /* Main.storyboard */; };
		C6FE6F491FF0BEFC00245618 /* Assets.xcassets in Resources */ = {isa = PBXBuildFile; fileRef = C6FE6F481FF0BEFC00245618 /* Assets.xcassets */; };
		C6FE6F4C1FF0BEFC00245618 /* LaunchScreen.storyboard in Resources */ = {isa = PBXBuildFile; fileRef = C6FE6F4A1FF0BEFC00245618 /* LaunchScreen.storyboard */; };
		C6FE6F571FF0BEFC00245618 /* advanced_iOS_featuresTests.swift in Sources */ = {isa = PBXBuildFile; fileRef = C6FE6F561FF0BEFC00245618 /* advanced_iOS_featuresTests.swift */; };
		C6FE6F621FF0BEFC00245618 /* advanced_iOS_featuresUITests.swift in Sources */ = {isa = PBXBuildFile; fileRef = C6FE6F611FF0BEFC00245618 /* advanced_iOS_featuresUITests.swift */; };
/* End PBXBuildFile section */

/* Begin PBXContainerItemProxy section */
		C6FE6F531FF0BEFC00245618 /* PBXContainerItemProxy */ = {
			isa = PBXContainerItemProxy;
			containerPortal = C6FE6F361FF0BEFC00245618 /* Project object */;
			proxyType = 1;
			remoteGlobalIDString = C6FE6F3D1FF0BEFC00245618;
			remoteInfo = "advanced iOS features";
		};
		C6FE6F5E1FF0BEFC00245618 /* PBXContainerItemProxy */ = {
			isa = PBXContainerItemProxy;
			containerPortal = C6FE6F361FF0BEFC00245618 /* Project object */;
			proxyType = 1;
			remoteGlobalIDString = C6FE6F3D1FF0BEFC00245618;
			remoteInfo = "advanced iOS features";
		};
/* End PBXContainerItemProxy section */

/* Begin PBXFileReference section */
		C6FE6F3E1FF0BEFC00245618 /* advanced iOS features.app */ = {isa = PBXFileReference; explicitFileType = wrapper.application; includeInIndex = 0; path = "advanced iOS features.app"; sourceTree = BUILT_PRODUCTS_DIR; };
		C6FE6F411FF0BEFC00245618 /* AppDelegate.swift */ = {isa = PBXFileReference; lastKnownFileType = sourcecode.swift; path = AppDelegate.swift; sourceTree = "<group>"; };
		C6FE6F431FF0BEFC00245618 /* ViewController.swift */ = {isa = PBXFileReference; lastKnownFileType = sourcecode.swift; path = ViewController.swift; sourceTree = "<group>"; };
		C6FE6F461FF0BEFC00245618 /* Base */ = {isa = PBXFileReference; lastKnownFileType = file.storyboard; name = Base; path = Base.lproj/Main.storyboard; sourceTree = "<group>"; };
		C6FE6F481FF0BEFC00245618 /* Assets.xcassets */ = {isa = PBXFileReference; lastKnownFileType = folder.assetcatalog; path = Assets.xcassets; sourceTree = "<group>"; };
		C6FE6F4B1FF0BEFC00245618 /* Base */ = {isa = PBXFileReference; lastKnownFileType = file.storyboard; name = Base; path = Base.lproj/LaunchScreen.storyboard; sourceTree = "<group>"; };
		C6FE6F4D1FF0BEFC00245618 /* Info.plist */ = {isa = PBXFileReference; lastKnownFileType = text.plist.xml; path = Info.plist; sourceTree = "<group>"; };
		C6FE6F521FF0BEFC00245618 /* advanced iOS featuresTests.xctest */ = {isa = PBXFileReference; explicitFileType = wrapper.cfbundle; includeInIndex = 0; path = "advanced iOS featuresTests.xctest"; sourceTree = BUILT_PRODUCTS_DIR; };
		C6FE6F561FF0BEFC00245618 /* advanced_iOS_featuresTests.swift */ = {isa = PBXFileReference; lastKnownFileType = sourcecode.swift; path = advanced_iOS_featuresTests.swift; sourceTree = "<group>"; };
		C6FE6F581FF0BEFC00245618 /* Info.plist */ = {isa = PBXFileReference; lastKnownFileType = text.plist.xml; path = Info.plist; sourceTree = "<group>"; };
		C6FE6F5D1FF0BEFC00245618 /* advanced iOS featuresUITests.xctest */ = {isa = PBXFileReference; explicitFileType = wrapper.cfbundle; includeInIndex = 0; path = "advanced iOS featuresUITests.xctest"; sourceTree = BUILT_PRODUCTS_DIR; };
		C6FE6F611FF0BEFC00245618 /* advanced_iOS_featuresUITests.swift */ = {isa = PBXFileReference; lastKnownFileType = sourcecode.swift; path = advanced_iOS_featuresUITests.swift; sourceTree = "<group>"; };
		C6FE6F631FF0BEFC00245618 /* Info.plist */ = {isa = PBXFileReference; lastKnownFileType = text.plist.xml; path = Info.plist; sourceTree = "<group>"; };
/* End PBXFileReference section */

/* Begin PBXFrameworksBuildPhase section */
		C6FE6F3B1FF0BEFC00245618 /* Frameworks */ = {
			isa = PBXFrameworksBuildPhase;
			buildActionMask = 2147483647;
			files = (
			);
			runOnlyForDeploymentPostprocessing = 0;
		};
		C6FE6F4F1FF0BEFC00245618 /* Frameworks */ = {
			isa = PBXFrameworksBuildPhase;
			buildActionMask = 2147483647;
			files = (
			);
			runOnlyForDeploymentPostprocessing = 0;
		};
		C6FE6F5A1FF0BEFC00245618 /* Frameworks */ = {
			isa = PBXFrameworksBuildPhase;
			buildActionMask = 2147483647;
			files = (
			);
			runOnlyForDeploymentPostprocessing = 0;
		};
/* End PBXFrameworksBuildPhase section */

/* Begin PBXGroup section */
		C6FE6F351FF0BEFC00245618 = {
			isa = PBXGroup;
			children = (
				C6FE6F401FF0BEFC00245618 /* advanced iOS features */,
				C6FE6F551FF0BEFC00245618 /* advanced iOS featuresTests */,
				C6FE6F601FF0BEFC00245618 /* advanced iOS featuresUITests */,
				C6FE6F3F1FF0BEFC00245618 /* Products */,
			);
			sourceTree = "<group>";
		};
		C6FE6F3F1FF0BEFC00245618 /* Products */ = {
			isa = PBXGroup;
			children = (
				C6FE6F3E1FF0BEFC00245618 /* advanced iOS features.app */,
				C6FE6F521FF0BEFC00245618 /* advanced iOS featuresTests.xctest */,
				C6FE6F5D1FF0BEFC00245618 /* advanced iOS featuresUITests.xctest */,
			);
			name = Products;
			sourceTree = "<group>";
		};
		C6FE6F401FF0BEFC00245618 /* advanced iOS features */ = {
			isa = PBXGroup;
			children = (
				C6FE6F411FF0BEFC00245618 /* AppDelegate.swift */,
				C6FE6F431FF0BEFC00245618 /* ViewController.swift */,
				C6FE6F451FF0BEFC00245618 /* Main.storyboard */,
				C6FE6F481FF0BEFC00245618 /* Assets.xcassets */,
				C6FE6F4A1FF0BEFC00245618 /* LaunchScreen.storyboard */,
				C6FE6F4D1FF0BEFC00245618 /* Info.plist */,
			);
			path = "advanced iOS features";
			sourceTree = "<group>";
		};
		C6FE6F551FF0BEFC00245618 /* advanced iOS featuresTests */ = {
			isa = PBXGroup;
			children = (
				C6FE6F561FF0BEFC00245618 /* advanced_iOS_featuresTests.swift */,
				C6FE6F581FF0BEFC00245618 /* Info.plist */,
			);
			path = "advanced iOS featuresTests";
			sourceTree = "<group>";
		};
		C6FE6F601FF0BEFC00245618 /* advanced iOS featuresUITests */ = {
			isa = PBXGroup;
			children = (
				C6FE6F611FF0BEFC00245618 /* advanced_iOS_featuresUITests.swift */,
				C6FE6F631FF0BEFC00245618 /* Info.plist */,
			);
			path = "advanced iOS featuresUITests";
			sourceTree = "<group>";
		};
/* End PBXGroup section */

/* Begin PBXNativeTarget section */
		C6FE6F3D1FF0BEFC00245618 /* advanced iOS features */ = {
			isa = PBXNativeTarget;
			buildConfigurationList = C6FE6F661FF0BEFC00245618 /* Build configuration list for PBXNativeTarget "advanced iOS features" */;
			buildPhases = (
				C6FE6F3A1FF0BEFC00245618 /* Sources */,
				C6FE6F3B1FF0BEFC00245618 /* Frameworks */,
				C6FE6F3C1FF0BEFC00245618 /* Resources */,
			);
			buildRules = (
			);
			dependencies = (
			);
			name = "advanced iOS features";
			productName = "advanced iOS features";
			productReference = C6FE6F3E1FF0BEFC00245618 /* advanced iOS features.app */;
			productType = "com.apple.product-type.application";
		};
		C6FE6F511FF0BEFC00245618 /* advanced iOS featuresTests */ = {
			isa = PBXNativeTarget;
			buildConfigurationList = C6FE6F691FF0BEFC00245618 /* Build configuration list for PBXNativeTarget "advanced iOS featuresTests" */;
			buildPhases = (
				C6FE6F4E1FF0BEFC00245618 /* Sources */,
				C6FE6F4F1FF0BEFC00245618 /* Frameworks */,
				C6FE6F501FF0BEFC00245618 /* Resources */,
			);
			buildRules = (
			);
			dependencies = (
				C6FE6F541FF0BEFC00245618 /* PBXTargetDependency */,
			);
			name = "advanced iOS featuresTests";
			productName = "advanced iOS featuresTests";
			productReference = C6FE6F521FF0BEFC00245618 /* advanced iOS featuresTests.xctest */;
			productType = "com.apple.product-type.bundle.unit-test";
		};
		C6FE6F5C1FF0BEFC00245618 /* advanced iOS featuresUITests */ = {
			isa = PBXNativeTarget;
			buildConfigurationList = C6FE6F6C1FF0BEFC00245618 /* Build configuration list for PBXNativeTarget "advanced iOS featuresUITests" */;
			buildPhases = (
				C6FE6F591FF0BEFC00245618 /* Sources */,
				C6FE6F5A1FF0BEFC00245618 /* Frameworks */,
				C6FE6F5B1FF0BEFC00245618 /* Resources */,
			);
			buildRules = (
			);
			dependencies = (
				C6FE6F5F1FF0BEFC00245618 /* PBXTargetDependency */,
			);
			name = "advanced iOS featuresUITests";
			productName = "advanced iOS featuresUITests";
			productReference = C6FE6F5D1FF0BEFC00245618 /* advanced iOS featuresUITests.xctest */;
			productType = "com.apple.product-type.bundle.ui-testing";
		};
/* End PBXNativeTarget section */

/* Begin PBXProject section */
		C6FE6F361FF0BEFC00245618 /* Project object */ = {
			isa = PBXProject;
			attributes = {
				LastSwiftUpdateCheck = 0920;
				LastUpgradeCheck = 0920;
				ORGANIZATIONNAME = HackedApple;
				TargetAttributes = {
					C6FE6F3D1FF0BEFC00245618 = {
						CreatedOnToolsVersion = 9.2;
						ProvisioningStyle = Automatic;
					};
					C6FE6F511FF0BEFC00245618 = {
						CreatedOnToolsVersion = 9.2;
						ProvisioningStyle = Automatic;
						TestTargetID = C6FE6F3D1FF0BEFC00245618;
					};
					C6FE6F5C1FF0BEFC00245618 = {
						CreatedOnToolsVersion = 9.2;
						ProvisioningStyle = Automatic;
						TestTargetID = C6FE6F3D1FF0BEFC00245618;
					};
				};
			};
			buildConfigurationList = C6FE6F391FF0BEFC00245618 /* Build configuration list for PBXProject "advanced iOS features" */;
			compatibilityVersion = "Xcode 8.0";
			developmentRegion = en;
			hasScannedForEncodings = 0;
			knownRegions = (
				en,
				Base,
			);
			mainGroup = C6FE6F351FF0BEFC00245618;
			productRefGroup = C6FE6F3F1FF0BEFC00245618 /* Products */;
			projectDirPath = "";
			projectRoot = "";
			targets = (
				C6FE6F3D1FF0BEFC00245618 /* advanced iOS features */,
				C6FE6F511FF0BEFC00245618 /* advanced iOS featuresTests */,
				C6FE6F5C1FF0BEFC00245618 /* advanced iOS featuresUITests */,
			);
		};
/* End PBXProject section */

/* Begin PBXResourcesBuildPhase section */
		C6FE6F3C1FF0BEFC00245618 /* Resources */ = {
			isa = PBXResourcesBuildPhase;
			buildActionMask = 2147483647;
			files = (
				C6FE6F4C1FF0BEFC00245618 /* LaunchScreen.storyboard in Resources */,
				C6FE6F491FF0BEFC00245618 /* Assets.xcassets in Resources */,
				C6FE6F471FF0BEFC00245618 /* Main.storyboard in Resources */,
			);
			runOnlyForDeploymentPostprocessing = 0;
		};
		C6FE6F501FF0BEFC00245618 /* Resources */ = {
			isa = PBXResourcesBuildPhase;
			buildActionMask = 2147483647;
			files = (
			);
			runOnlyForDeploymentPostprocessing = 0;
		};
		C6FE6F5B1FF0BEFC00245618 /* Resources */ = {
			isa = PBXResourcesBuildPhase;
			buildActionMask = 2147483647;
			files = (
			);
			runOnlyForDeploymentPostprocessing = 0;
		};
/* End PBXResourcesBuildPhase section */

/* Begin PBXSourcesBuildPhase section */
		C6FE6F3A1FF0BEFC00245618 /* Sources */ = {
			isa = PBXSourcesBuildPhase;
			buildActionMask = 2147483647;
			files = (
				C6FE6F441FF0BEFC00245618 /* ViewController.swift in Sources */,
				C6FE6F421FF0BEFC00245618 /* AppDelegate.swift in Sources */,
			);
			runOnlyForDeploymentPostprocessing = 0;
		};
		C6FE6F4E1FF0BEFC00245618 /* Sources */ = {
			isa = PBXSourcesBuildPhase;
			buildActionMask = 2147483647;
			files = (
				C6FE6F571FF0BEFC00245618 /* advanced_iOS_featuresTests.swift in Sources */,
			);
			runOnlyForDeploymentPostprocessing = 0;
		};
		C6FE6F591FF0BEFC00245618 /* Sources */ = {
			isa = PBXSourcesBuildPhase;
			buildActionMask = 2147483647;
			files = (
				C6FE6F621FF0BEFC00245618 /* advanced_iOS_featuresUITests.swift in Sources */,
			);
			runOnlyForDeploymentPostprocessing = 0;
		};
/* End PBXSourcesBuildPhase section */

/* Begin PBXTargetDependency section */
		C6FE6F541FF0BEFC00245618 /* PBXTargetDependency */ = {
			isa = PBXTargetDependency;
			target = C6FE6F3D1FF0BEFC00245618 /* advanced iOS features */;
			targetProxy = C6FE6F531FF0BEFC00245618 /* PBXContainerItemProxy */;
		};
		C6FE6F5F1FF0BEFC00245618 /* PBXTargetDependency */ = {
			isa = PBXTargetDependency;
			target = C6FE6F3D1FF0BEFC00245618 /* advanced iOS features */;
			targetProxy = C6FE6F5E1FF0BEFC00245618 /* PBXContainerItemProxy */;
		};
/* End PBXTargetDependency section */

/* Begin PBXVariantGroup section */
		C6FE6F451FF0BEFC00245618 /* Main.storyboard */ = {
			isa = PBXVariantGroup;
			children = (
				C6FE6F461FF0BEFC00245618 /* Base */,
			);
			name = Main.storyboard;
			sourceTree = "<group>";
		};
		C6FE6F4A1FF0BEFC00245618 /* LaunchScreen.storyboard */ = {
			isa = PBXVariantGroup;
			children = (
				C6FE6F4B1FF0BEFC00245618 /* Base */,
			);
			name = LaunchScreen.storyboard;
			sourceTree = "<group>";
		};
/* End PBXVariantGroup section */

/* Begin XCBuildConfiguration section */
		C6FE6F641FF0BEFC00245618 /* Debug */ = {
			isa = XCBuildConfiguration;
			buildSettings = {
				ALWAYS_SEARCH_USER_PATHS = NO;
				CLANG_ANALYZER_NONNULL = YES;
				CLANG_ANALYZER_NUMBER_OBJECT_CONVERSION = YES_AGGRESSIVE;
				CLANG_CXX_LANGUAGE_STANDARD = "gnu++14";
				CLANG_CXX_LIBRARY = "libc++";
				CLANG_ENABLE_MODULES = YES;
				CLANG_ENABLE_OBJC_ARC = YES;
				CLANG_WARN_BLOCK_CAPTURE_AUTORELEASING = YES;
				CLANG_WARN_BOOL_CONVERSION = YES;
				CLANG_WARN_COMMA = YES;
				CLANG_WARN_CONSTANT_CONVERSION = YES;
				CLANG_WARN_DIRECT_OBJC_ISA_USAGE = YES_ERROR;
				CLANG_WARN_DOCUMENTATION_COMMENTS = YES;
				CLANG_WARN_EMPTY_BODY = YES;
				CLANG_WARN_ENUM_CONVERSION = YES;
				CLANG_WARN_INFINITE_RECURSION = YES;
				CLANG_WARN_INT_CONVERSION = YES;
				CLANG_WARN_NON_LITERAL_NULL_CONVERSION = YES;
				CLANG_WARN_OBJC_LITERAL_CONVERSION = YES;
				CLANG_WARN_OBJC_ROOT_CLASS = YES_ERROR;
				CLANG_WARN_RANGE_LOOP_ANALYSIS = YES;
				CLANG_WARN_STRICT_PROTOTYPES = YES;
				CLANG_WARN_SUSPICIOUS_MOVE = YES;
				CLANG_WARN_UNGUARDED_AVAILABILITY = YES_AGGRESSIVE;
				CLANG_WARN_UNREACHABLE_CODE = YES;
				CLANG_WARN__DUPLICATE_METHOD_MATCH = YES;
				CODE_SIGN_IDENTITY = "iPhone Developer";
				COPY_PHASE_STRIP = NO;
				DEBUG_INFORMATION_FORMAT = dwarf;
				ENABLE_STRICT_OBJC_MSGSEND = YES;
				ENABLE_TESTABILITY = YES;
				GCC_C_LANGUAGE_STANDARD = gnu11;
				GCC_DYNAMIC_NO_PIC = NO;
				GCC_NO_COMMON_BLOCKS = YES;
				GCC_OPTIMIZATION_LEVEL = 0;
				GCC_PREPROCESSOR_DEFINITIONS = (
					"DEBUG=1",
					"$(inherited)",
				);
				GCC_WARN_64_TO_32_BIT_CONVERSION = YES;
				GCC_WARN_ABOUT_RETURN_TYPE = YES_ERROR;
				GCC_WARN_UNDECLARED_SELECTOR = YES;
				GCC_WARN_UNINITIALIZED_AUTOS = YES_AGGRESSIVE;
				GCC_WARN_UNUSED_FUNCTION = YES;
				GCC_WARN_UNUSED_VARIABLE = YES;
				IPHONEOS_DEPLOYMENT_TARGET = 11.2;
				MTL_ENABLE_DEBUG_INFO = YES;
				ONLY_ACTIVE_ARCH = YES;
				SDKROOT = iphoneos;
				SWIFT_ACTIVE_COMPILATION_CONDITIONS = DEBUG;
				SWIFT_OPTIMIZATION_LEVEL = "-Onone";
			};
			name = Debug;
		};
		C6FE6F651FF0BEFC00245618 /* Release */ = {
			isa = XCBuildConfiguration;
			buildSettings = {
				ALWAYS_SEARCH_USER_PATHS = NO;
				CLANG_ANALYZER_NONNULL = YES;
				CLANG_ANALYZER_NUMBER_OBJECT_CONVERSION = YES_AGGRESSIVE;
				CLANG_CXX_LANGUAGE_STANDARD = "gnu++14";
				CLANG_CXX_LIBRARY = "libc++";
				CLANG_ENABLE_MODULES = YES;
				CLANG_ENABLE_OBJC_ARC = YES;
				CLANG_WARN_BLOCK_CAPTURE_AUTORELEASING = YES;
				CLANG_WARN_BOOL_CONVERSION = YES;
				CLANG_WARN_COMMA = YES;
				CLANG_WARN_CONSTANT_CONVERSION = YES;
				CLANG_WARN_DIRECT_OBJC_ISA_USAGE = YES_ERROR;
				CLANG_WARN_DOCUMENTATION_COMMENTS = YES;
				CLANG_WARN_EMPTY_BODY = YES;
				CLANG_WARN_ENUM_CONVERSION = YES;
				CLANG_WARN_INFINITE_RECURSION = YES;
				CLANG_WARN_INT_CONVERSION = YES;
				CLANG_WARN_NON_LITERAL_NULL_CONVERSION = YES;
				CLANG_WARN_OBJC_LITERAL_CONVERSION = YES;
				CLANG_WARN_OBJC_ROOT_CLASS = YES_ERROR;
				CLANG_WARN_RANGE_LOOP_ANALYSIS = YES;
				CLANG_WARN_STRICT_PROTOTYPES = YES;
				CLANG_WARN_SUSPICIOUS_MOVE = YES;
				CLANG_WARN_UNGUARDED_AVAILABILITY = YES_AGGRESSIVE;
				CLANG_WARN_UNREACHABLE_CODE = YES;
				CLANG_WARN__DUPLICATE_METHOD_MATCH = YES;
				CODE_SIGN_IDENTITY = "iPhone Developer";
				COPY_PHASE_STRIP = NO;
				DEBUG_INFORMATION_FORMAT = "dwarf-with-dsym";
				ENABLE_NS_ASSERTIONS = NO;
				ENABLE_STRICT_OBJC_MSGSEND = YES;
				GCC_C_LANGUAGE_STANDARD = gnu11;
				GCC_NO_COMMON_BLOCKS = YES;
				GCC_WARN_64_TO_32_BIT_CONVERSION = YES;
				GCC_WARN_ABOUT_RETURN_TYPE = YES_ERROR;
				GCC_WARN_UNDECLARED_SELECTOR = YES;
				GCC_WARN_UNINITIALIZED_AUTOS = YES_AGGRESSIVE;
				GCC_WARN_UNUSED_FUNCTION = YES;
				GCC_WARN_UNUSED_VARIABLE = YES;
				IPHONEOS_DEPLOYMENT_TARGET = 11.2;
				MTL_ENABLE_DEBUG_INFO = NO;
				SDKROOT = iphoneos;
				SWIFT_OPTIMIZATION_LEVEL = "-Owholemodule";
				VALIDATE_PRODUCT = YES;
			};
			name = Release;
		};
		C6FE6F671FF0BEFC00245618 /* Debug */ = {
			isa = XCBuildConfiguration;
			buildSettings = {
				ASSETCATALOG_COMPILER_APPICON_NAME = AppIcon;
				CODE_SIGN_STYLE = Automatic;
				INFOPLIST_FILE = "advanced iOS features/Info.plist";
				LD_RUNPATH_SEARCH_PATHS = "$(inherited) @executable_path/Frameworks";
				PRODUCT_BUNDLE_IDENTIFIER = "HackedApple.advanced-iOS-features";
				PRODUCT_NAME = "$(TARGET_NAME)";
				SWIFT_VERSION = 4.0;
				TARGETED_DEVICE_FAMILY = "1,2";
			};
			name = Debug;
		};
		C6FE6F681FF0BEFC00245618 /* Release */ = {
			isa = XCBuildConfiguration;
			buildSettings = {
				ASSETCATALOG_COMPILER_APPICON_NAME = AppIcon;
				CODE_SIGN_STYLE = Automatic;
				INFOPLIST_FILE = "advanced iOS features/Info.plist";
				LD_RUNPATH_SEARCH_PATHS = "$(inherited) @executable_path/Frameworks";
				PRODUCT_BUNDLE_IDENTIFIER = "HackedApple.advanced-iOS-features";
				PRODUCT_NAME = "$(TARGET_NAME)";
				SWIFT_VERSION = 4.0;
				TARGETED_DEVICE_FAMILY = "1,2";
			};
			name = Release;
		};
		C6FE6F6A1FF0BEFC00245618 /* Debug */ = {
			isa = XCBuildConfiguration;
			buildSettings = {
				ALWAYS_EMBED_SWIFT_STANDARD_LIBRARIES = YES;
				BUNDLE_LOADER = "$(TEST_HOST)";
				CODE_SIGN_STYLE = Automatic;
				INFOPLIST_FILE = "advanced iOS featuresTests/Info.plist";
				LD_RUNPATH_SEARCH_PATHS = "$(inherited) @executable_path/Frameworks @loader_path/Frameworks";
				PRODUCT_BUNDLE_IDENTIFIER = "HackedApple.advanced-iOS-featuresTests";
				PRODUCT_NAME = "$(TARGET_NAME)";
				SWIFT_VERSION = 4.0;
				TARGETED_DEVICE_FAMILY = "1,2";
				TEST_HOST = "$(BUILT_PRODUCTS_DIR)/advanced iOS features.app/advanced iOS features";
			};
			name = Debug;
		};
		C6FE6F6B1FF0BEFC00245618 /* Release */ = {
			isa = XCBuildConfiguration;
			buildSettings = {
				ALWAYS_EMBED_SWIFT_STANDARD_LIBRARIES = YES;
				BUNDLE_LOADER = "$(TEST_HOST)";
				CODE_SIGN_STYLE = Automatic;
				INFOPLIST_FILE = "advanced iOS featuresTests/Info.plist";
				LD_RUNPATH_SEARCH_PATHS = "$(inherited) @executable_path/Frameworks @loader_path/Frameworks";
				PRODUCT_BUNDLE_IDENTIFIER = "HackedApple.advanced-iOS-featuresTests";
				PRODUCT_NAME = "$(TARGET_NAME)";
				SWIFT_VERSION = 4.0;
				TARGETED_DEVICE_FAMILY = "1,2";
				TEST_HOST = "$(BUILT_PRODUCTS_DIR)/advanced iOS features.app/advanced iOS features";
			};
			name = Release;
		};
		C6FE6F6D1FF0BEFC00245618 /* Debug */ = {
			isa = XCBuildConfiguration;
			buildSettings = {
				ALWAYS_EMBED_SWIFT_STANDARD_LIBRARIES = YES;
				CODE_SIGN_STYLE = Automatic;
				INFOPLIST_FILE = "advanced iOS featuresUITests/Info.plist";
				LD_RUNPATH_SEARCH_PATHS = "$(inherited) @executable_path/Frameworks @loader_path/Frameworks";
				PRODUCT_BUNDLE_IDENTIFIER = "HackedApple.advanced-iOS-featuresUITests";
				PRODUCT_NAME = "$(TARGET_NAME)";
				SWIFT_VERSION = 4.0;
				TARGETED_DEVICE_FAMILY = "1,2";
				TEST_TARGET_NAME = "advanced iOS features";
			};
			name = Debug;
		};
		C6FE6F6E1FF0BEFC00245618 /* Release */ = {
			isa = XCBuildConfiguration;
			buildSettings = {
				ALWAYS_EMBED_SWIFT_STANDARD_LIBRARIES = YES;
				CODE_SIGN_STYLE = Automatic;
				INFOPLIST_FILE = "advanced iOS featuresUITests/Info.plist";
				LD_RUNPATH_SEARCH_PATHS = "$(inherited) @executable_path/Frameworks @loader_path/Frameworks";
				PRODUCT_BUNDLE_IDENTIFIER = "HackedApple.advanced-iOS-featuresUITests";
				PRODUCT_NAME = "$(TARGET_NAME)";
				SWIFT_VERSION = 4.0;
				TARGETED_DEVICE_FAMILY = "1,2";
				TEST_TARGET_NAME = "advanced iOS features";
			};
			name = Release;
		};
/* End XCBuildConfiguration section */

/* Begin XCConfigurationList section */
		C6FE6F391FF0BEFC00245618 /* Build configuration list for PBXProject "advanced iOS features" */ = {
			isa = XCConfigurationList;
			buildConfigurations = (
				C6FE6F641FF0BEFC00245618 /* Debug */,
				C6FE6F651FF0BEFC00245618 /* Release */,
			);
			defaultConfigurationIsVisible = 0;
			defaultConfigurationName = Release;
		};
		C6FE6F661FF0BEFC00245618 /* Build configuration list for PBXNativeTarget "advanced iOS features" */ = {
			isa = XCConfigurationList;
			buildConfigurations = (
				C6FE6F671FF0BEFC00245618 /* Debug */,
				C6FE6F681FF0BEFC00245618 /* Release */,
			);
			defaultConfigurationIsVisible = 0;
			defaultConfigurationName = Release;
		};
		C6FE6F691FF0BEFC00245618 /* Build configuration list for PBXNativeTarget "advanced iOS featuresTests" */ = {
			isa = XCConfigurationList;
			buildConfigurations = (
				C6FE6F6A1FF0BEFC00245618 /* Debug */,
				C6FE6F6B1FF0BEFC00245618 /* Release */,
			);
			defaultConfigurationIsVisible = 0;
			defaultConfigurationName = Release;
		};
		C6FE6F6C1FF0BEFC00245618 /* Build configuration list for PBXNativeTarget "advanced iOS featuresUITests" */ = {
			isa = XCConfigurationList;
			buildConfigurations = (
				C6FE6F6D1FF0BEFC00245618 /* Debug */,
				C6FE6F6E1FF0BEFC00245618 /* Release */,
			);
			defaultConfigurationIsVisible = 0;
			defaultConfigurationName = Release;
		};
/* End XCConfigurationList section */
	};
	rootObject = C6FE6F361FF0BEFC00245618 /* Project object */;
}
